
Microsoft Visual Studio Solution File, Format Version 12.00
# Visual Studio 15
VisualStudioVersion = 15.0.27004.2006
MinimumVisualStudioVersion = 10.0.40219.1
Project("{FAE04EC0-301F-11D3-BF4B-00C04F79EFBC}") = "HotelUIControls", "Hotel\HotelUIControls.csproj", "{D8C40900-2238-4E9C-A7D7-D95A63F2AF55}"
EndProject
Project("{FAE04EC0-301F-11D3-BF4B-00C04F79EFBC}") = "HotelEngine", "HotelEngine\HotelEngine.csproj", "{3F0AE757-E55C-4051-BAB1-B7EA84989B2E}"
EndProject
Project("{FAE04EC0-301F-11D3-BF4B-00C04F79EFBC}") = "HotelFormApp", "HotelFormApp\HotelFormApp.csproj", "{7E629505-FD67-4326-993B-14337C3CAEC2}"
EndProject
Project("{9A19103F-16F7-4668-BE54-9A1E7A4F7556}") = "HotelModel", "HotelModel\HotelModel.csproj", "{B8BFCEE6-D526-4250-B628-A64722ED7A75}"
EndProject
Project("{FAE04EC0-301F-11D3-BF4B-00C04F79EFBC}") = "HbgTest", "HbgTest\HbgTest.csproj", "{82AB8D35-4DAA-4F8E-9584-F596EBE5F46F}"
EndProject
Project("{9A19103F-16F7-4668-BE54-9A1E7A4F7556}") = "HotelExtensionMethods", "HotelExtensionMethods\HotelExtensionMethods.csproj", "{07C0E512-809E-4358-9805-E5B0FE79C4FD}"
EndProject
Project("{FAE04EC0-301F-11D3-BF4B-00C04F79EFBC}") = "HotelEntities", "HotelEntities\HotelEntities.csproj", "{7B5A67B4-708B-4975-B3C3-324657EB4D45}"
EndProject
Project("{FAE04EC0-301F-11D3-BF4B-00C04F79EFBC}") = "HotelJSONProvider", "HotelJSONProvider\HotelJSONProvider.csproj", "{F4A7AC66-6E40-4A18-B03D-AD7B6A6D15F7}"
EndProject
Project("{FAE04EC0-301F-11D3-BF4B-00C04F79EFBC}") = "Hotel.WPFGUI", "Hotel.WPFGUI\Hotel.WPFGUI.csproj", "{63BE9A82-88A5-4B33-8793-37F0F1DA61F6}"
EndProject
Project("{FAE04EC0-301F-11D3-BF4B-00C04F79EFBC}") = "Hotel.FixedProvider", "Hotel.FixedProvider\Hotel.FixedProvider.csproj", "{EC3E63D7-D4D0-4BCA-98B0-7B98F0246167}"
EndProject
Project("{2150E333-8FDC-42A3-9474-1A3956D46DE8}") = "SolutionItems", "SolutionItems", "{E6F2253F-DED5-43C8-A5BA-431E7682927E}"
	ProjectSection(SolutionItems) = preProject
		register_dlls_GAC.bat = register_dlls_GAC.bat
	EndProjectSection
EndProject
Global
	GlobalSection(SolutionConfigurationPlatforms) = preSolution
		Debug|Any CPU = Debug|Any CPU
		Default|Any CPU = Default|Any CPU
		GTKDebug|Any CPU = GTKDebug|Any CPU
		Release|Any CPU = Release|Any CPU
	EndGlobalSection
	GlobalSection(ProjectConfigurationPlatforms) = postSolution
		{D8C40900-2238-4E9C-A7D7-D95A63F2AF55}.Debug|Any CPU.ActiveCfg = Debug|Any CPU
		{D8C40900-2238-4E9C-A7D7-D95A63F2AF55}.Debug|Any CPU.Build.0 = Debug|Any CPU
		{D8C40900-2238-4E9C-A7D7-D95A63F2AF55}.Default|Any CPU.ActiveCfg = Debug|Any CPU
		{D8C40900-2238-4E9C-A7D7-D95A63F2AF55}.GTKDebug|Any CPU.ActiveCfg = GTKDebug|Any CPU
		{D8C40900-2238-4E9C-A7D7-D95A63F2AF55}.Release|Any CPU.ActiveCfg = Release|Any CPU
		{D8C40900-2238-4E9C-A7D7-D95A63F2AF55}.Release|Any CPU.Build.0 = Release|Any CPU
		{3F0AE757-E55C-4051-BAB1-B7EA84989B2E}.Debug|Any CPU.ActiveCfg = Debug|Any CPU
		{3F0AE757-E55C-4051-BAB1-B7EA84989B2E}.Debug|Any CPU.Build.0 = Debug|Any CPU
		{3F0AE757-E55C-4051-BAB1-B7EA84989B2E}.Default|Any CPU.ActiveCfg = Debug|Any CPU
		{3F0AE757-E55C-4051-BAB1-B7EA84989B2E}.GTKDebug|Any CPU.ActiveCfg = GTKDebug|Any CPU
		{3F0AE757-E55C-4051-BAB1-B7EA84989B2E}.GTKDebug|Any CPU.Build.0 = GTKDebug|Any CPU
		{3F0AE757-E55C-4051-BAB1-B7EA84989B2E}.Release|Any CPU.ActiveCfg = Release|Any CPU
		{3F0AE757-E55C-4051-BAB1-B7EA84989B2E}.Release|Any CPU.Build.0 = Release|Any CPU
		{7E629505-FD67-4326-993B-14337C3CAEC2}.Debug|Any CPU.ActiveCfg = Debug|Any CPU
		{7E629505-FD67-4326-993B-14337C3CAEC2}.Debug|Any CPU.Build.0 = Debug|Any CPU
		{7E629505-FD67-4326-993B-14337C3CAEC2}.Default|Any CPU.ActiveCfg = Debug|Any CPU
		{7E629505-FD67-4326-993B-14337C3CAEC2}.Default|Any CPU.Build.0 = Debug|Any CPU
		{7E629505-FD67-4326-993B-14337C3CAEC2}.GTKDebug|Any CPU.ActiveCfg = Debug|Any CPU
		{7E629505-FD67-4326-993B-14337C3CAEC2}.GTKDebug|Any CPU.Build.0 = Debug|Any CPU
		{7E629505-FD67-4326-993B-14337C3CAEC2}.Release|Any CPU.ActiveCfg = Release|Any CPU
		{7E629505-FD67-4326-993B-14337C3CAEC2}.Release|Any CPU.Build.0 = Release|Any CPU
		{B8BFCEE6-D526-4250-B628-A64722ED7A75}.Debug|Any CPU.ActiveCfg = Debug|Any CPU
		{B8BFCEE6-D526-4250-B628-A64722ED7A75}.Debug|Any CPU.Build.0 = Debug|Any CPU
		{B8BFCEE6-D526-4250-B628-A64722ED7A75}.Default|Any CPU.ActiveCfg = Debug|Any CPU
		{B8BFCEE6-D526-4250-B628-A64722ED7A75}.Default|Any CPU.Build.0 = Debug|Any CPU
		{B8BFCEE6-D526-4250-B628-A64722ED7A75}.GTKDebug|Any CPU.ActiveCfg = Debug|Any CPU
		{B8BFCEE6-D526-4250-B628-A64722ED7A75}.GTKDebug|Any CPU.Build.0 = Debug|Any CPU
		{B8BFCEE6-D526-4250-B628-A64722ED7A75}.Release|Any CPU.ActiveCfg = Release|Any CPU
		{B8BFCEE6-D526-4250-B628-A64722ED7A75}.Release|Any CPU.Build.0 = Release|Any CPU
		{82AB8D35-4DAA-4F8E-9584-F596EBE5F46F}.Debug|Any CPU.ActiveCfg = Debug|Any CPU
		{82AB8D35-4DAA-4F8E-9584-F596EBE5F46F}.Debug|Any CPU.Build.0 = Debug|Any CPU
		{82AB8D35-4DAA-4F8E-9584-F596EBE5F46F}.Default|Any CPU.ActiveCfg = Debug|Any CPU
		{82AB8D35-4DAA-4F8E-9584-F596EBE5F46F}.Default|Any CPU.Build.0 = Debug|Any CPU
		{82AB8D35-4DAA-4F8E-9584-F596EBE5F46F}.GTKDebug|Any CPU.ActiveCfg = Debug|Any CPU
		{82AB8D35-4DAA-4F8E-9584-F596EBE5F46F}.GTKDebug|Any CPU.Build.0 = Debug|Any CPU
		{82AB8D35-4DAA-4F8E-9584-F596EBE5F46F}.Release|Any CPU.ActiveCfg = Release|Any CPU
		{82AB8D35-4DAA-4F8E-9584-F596EBE5F46F}.Release|Any CPU.Build.0 = Release|Any CPU
		{07C0E512-809E-4358-9805-E5B0FE79C4FD}.Debug|Any CPU.ActiveCfg = Debug|Any CPU
		{07C0E512-809E-4358-9805-E5B0FE79C4FD}.Debug|Any CPU.Build.0 = Debug|Any CPU
		{07C0E512-809E-4358-9805-E5B0FE79C4FD}.Default|Any CPU.ActiveCfg = Debug|Any CPU
		{07C0E512-809E-4358-9805-E5B0FE79C4FD}.Default|Any CPU.Build.0 = Debug|Any CPU
		{07C0E512-809E-4358-9805-E5B0FE79C4FD}.GTKDebug|Any CPU.ActiveCfg = Debug|Any CPU
		{07C0E512-809E-4358-9805-E5B0FE79C4FD}.GTKDebug|Any CPU.Build.0 = Debug|Any CPU
		{07C0E512-809E-4358-9805-E5B0FE79C4FD}.Release|Any CPU.ActiveCfg = Release|Any CPU
		{07C0E512-809E-4358-9805-E5B0FE79C4FD}.Release|Any CPU.Build.0 = Release|Any CPU
		{7B5A67B4-708B-4975-B3C3-324657EB4D45}.Debug|Any CPU.ActiveCfg = Debug|Any CPU
		{7B5A67B4-708B-4975-B3C3-324657EB4D45}.Debug|Any CPU.Build.0 = Debug|Any CPU
		{7B5A67B4-708B-4975-B3C3-324657EB4D45}.Default|Any CPU.ActiveCfg = Debug|Any CPU
		{7B5A67B4-708B-4975-B3C3-324657EB4D45}.Default|Any CPU.Build.0 = Debug|Any CPU
		{7B5A67B4-708B-4975-B3C3-324657EB4D45}.GTKDebug|Any CPU.ActiveCfg = Debug|Any CPU
		{7B5A67B4-708B-4975-B3C3-324657EB4D45}.GTKDebug|Any CPU.Build.0 = Debug|Any CPU
		{7B5A67B4-708B-4975-B3C3-324657EB4D45}.Release|Any CPU.ActiveCfg = Release|Any CPU
		{7B5A67B4-708B-4975-B3C3-324657EB4D45}.Release|Any CPU.Build.0 = Release|Any CPU
		{F4A7AC66-6E40-4A18-B03D-AD7B6A6D15F7}.Debug|Any CPU.ActiveCfg = Debug|Any CPU
		{F4A7AC66-6E40-4A18-B03D-AD7B6A6D15F7}.Debug|Any CPU.Build.0 = Debug|Any CPU
		{F4A7AC66-6E40-4A18-B03D-AD7B6A6D15F7}.Default|Any CPU.ActiveCfg = Debug|Any CPU
		{F4A7AC66-6E40-4A18-B03D-AD7B6A6D15F7}.Default|Any CPU.Build.0 = Debug|Any CPU
		{F4A7AC66-6E40-4A18-B03D-AD7B6A6D15F7}.GTKDebug|Any CPU.ActiveCfg = Debug|Any CPU
		{F4A7AC66-6E40-4A18-B03D-AD7B6A6D15F7}.GTKDebug|Any CPU.Build.0 = Debug|Any CPU
		{F4A7AC66-6E40-4A18-B03D-AD7B6A6D15F7}.Release|Any CPU.ActiveCfg = Release|Any CPU
		{F4A7AC66-6E40-4A18-B03D-AD7B6A6D15F7}.Release|Any CPU.Build.0 = Release|Any CPU
		{63BE9A82-88A5-4B33-8793-37F0F1DA61F6}.Debug|Any CPU.ActiveCfg = Debug|Any CPU
		{63BE9A82-88A5-4B33-8793-37F0F1DA61F6}.Debug|Any CPU.Build.0 = Debug|Any CPU
		{63BE9A82-88A5-4B33-8793-37F0F1DA61F6}.Default|Any CPU.ActiveCfg = Debug|Any CPU
		{63BE9A82-88A5-4B33-8793-37F0F1DA61F6}.Default|Any CPU.Build.0 = Debug|Any CPU
		{63BE9A82-88A5-4B33-8793-37F0F1DA61F6}.GTKDebug|Any CPU.ActiveCfg = Debug|Any CPU
		{63BE9A82-88A5-4B33-8793-37F0F1DA61F6}.GTKDebug|Any CPU.Build.0 = Debug|Any CPU
		{63BE9A82-88A5-4B33-8793-37F0F1DA61F6}.Release|Any CPU.ActiveCfg = Release|Any CPU
		{63BE9A82-88A5-4B33-8793-37F0F1DA61F6}.Release|Any CPU.Build.0 = Release|Any CPU
		{EC3E63D7-D4D0-4BCA-98B0-7B98F0246167}.Debug|Any CPU.ActiveCfg = Debug|Any CPU
		{EC3E63D7-D4D0-4BCA-98B0-7B98F0246167}.Debug|Any CPU.Build.0 = Debug|Any CPU
		{EC3E63D7-D4D0-4BCA-98B0-7B98F0246167}.Default|Any CPU.ActiveCfg = Debug|Any CPU
		{EC3E63D7-D4D0-4BCA-98B0-7B98F0246167}.Default|Any CPU.Build.0 = Debug|Any CPU
		{EC3E63D7-D4D0-4BCA-98B0-7B98F0246167}.GTKDebug|Any CPU.ActiveCfg = Debug|Any CPU
		{EC3E63D7-D4D0-4BCA-98B0-7B98F0246167}.GTKDebug|Any CPU.Build.0 = Debug|Any CPU
		{EC3E63D7-D4D0-4BCA-98B0-7B98F0246167}.Release|Any CPU.ActiveCfg = Release|Any CPU
		{EC3E63D7-D4D0-4BCA-98B0-7B98F0246167}.Release|Any CPU.Build.0 = Release|Any CPU
	EndGlobalSection
	GlobalSection(SolutionProperties) = preSolution
		HideSolutionNode = FALSE
	EndGlobalSection
	GlobalSection(ExtensibilityGlobals) = postSolution
		VisualSVNWorkingCopyRoot = .
		SolutionGuid = {DB59E465-D0EF-4D97-AFDD-11083F6A27A1}
	EndGlobalSection
	GlobalSection(MonoDevelopProperties) = preSolution
		StartupItem = HotelUnitTest\HotelUnitTest.csproj
	EndGlobalSection
EndGlobal
